// !$*UTF8*$!
{
	archiveVersion = 1;
	classes = {
	};
	objectVersion = 51;
	objects = {

/* Begin PBXBuildFile section */
		83F915C821AB9B6F8648B118 /* Pods_Mixit.framework in Frameworks */ = {isa = PBXBuildFile; fileRef = AEBCE6AF96E5CC245EF2C782 /* Pods_Mixit.framework */; };
		884C3FFC24187CDA007BD36A /* GoogleService-Info.plist in Resources */ = {isa = PBXBuildFile; fileRef = 884C3FFB24187CDA007BD36A /* GoogleService-Info.plist */; };
		884C3FFE2418A79E007BD36A /* SignUpViewController.swift in Sources */ = {isa = PBXBuildFile; fileRef = 884C3FFD2418A79E007BD36A /* SignUpViewController.swift */; };
		884C40002418AA98007BD36A /* Utilities.swift in Sources */ = {isa = PBXBuildFile; fileRef = 884C3FFF2418AA98007BD36A /* Utilities.swift */; };
		887A957A24137085000FA5E6 /* CocktailAPIService.swift in Sources */ = {isa = PBXBuildFile; fileRef = 887A957924137085000FA5E6 /* CocktailAPIService.swift */; };
		88966C2924180DCE00E3F7FD /* HomeCocktailsTableViewController.swift in Sources */ = {isa = PBXBuildFile; fileRef = 88966C0B24180DCE00E3F7FD /* HomeCocktailsTableViewController.swift */; };
		88966C2A24180DCE00E3F7FD /* IngredientTableViewController.swift in Sources */ = {isa = PBXBuildFile; fileRef = 88966C0C24180DCE00E3F7FD /* IngredientTableViewController.swift */; };
		88966C2B24180DCE00E3F7FD /* WalkthroughPageViewController.swift in Sources */ = {isa = PBXBuildFile; fileRef = 88966C0D24180DCE00E3F7FD /* WalkthroughPageViewController.swift */; };
		88966C2C24180DCE00E3F7FD /* WalkthroughViewController.swift in Sources */ = {isa = PBXBuildFile; fileRef = 88966C0E24180DCE00E3F7FD /* WalkthroughViewController.swift */; };
		88966C2D24180DCE00E3F7FD /* CocktailViewControllerHome.swift in Sources */ = {isa = PBXBuildFile; fileRef = 88966C0F24180DCE00E3F7FD /* CocktailViewControllerHome.swift */; };
		88966C2E24180DCE00E3F7FD /* CreateCocktailViewController.swift in Sources */ = {isa = PBXBuildFile; fileRef = 88966C1024180DCE00E3F7FD /* CreateCocktailViewController.swift */; };
		88966C2F24180DCE00E3F7FD /* IngredientCellTableViewCell.swift in Sources */ = {isa = PBXBuildFile; fileRef = 88966C1124180DCE00E3F7FD /* IngredientCellTableViewCell.swift */; };
		88966C3024180DCE00E3F7FD /* FavouritesCocktailsTableViewController.swift in Sources */ = {isa = PBXBuildFile; fileRef = 88966C1224180DCE00E3F7FD /* FavouritesCocktailsTableViewController.swift */; };
		88966C3124180DCE00E3F7FD /* MyCocktailsTableViewControllerHome.swift in Sources */ = {isa = PBXBuildFile; fileRef = 88966C1324180DCE00E3F7FD /* MyCocktailsTableViewControllerHome.swift */; };
		88966C3224180DCE00E3F7FD /* WalkthroughContentViewController.swift in Sources */ = {isa = PBXBuildFile; fileRef = 88966C1424180DCE00E3F7FD /* WalkthroughContentViewController.swift */; };
		88966C3324180DCE00E3F7FD /* Cocktail.swift in Sources */ = {isa = PBXBuildFile; fileRef = 88966C1624180DCE00E3F7FD /* Cocktail.swift */; };
		88966C3424180DCE00E3F7FD /* Ingredient.swift in Sources */ = {isa = PBXBuildFile; fileRef = 88966C1724180DCE00E3F7FD /* Ingredient.swift */; };
		88966C3524180DCE00E3F7FD /* CocktailsManagerHome.swift in Sources */ = {isa = PBXBuildFile; fileRef = 88966C1924180DCE00E3F7FD /* CocktailsManagerHome.swift */; };
		88966C3624180DCE00E3F7FD /* IngredientsManager.swift in Sources */ = {isa = PBXBuildFile; fileRef = 88966C1A24180DCE00E3F7FD /* IngredientsManager.swift */; };
		88966C3724180DCE00E3F7FD /* DesignableView.swift in Sources */ = {isa = PBXBuildFile; fileRef = 88966C1C24180DCE00E3F7FD /* DesignableView.swift */; };
		88966C3824180DCE00E3F7FD /* TableView.storyboard in Resources */ = {isa = PBXBuildFile; fileRef = 88966C1E24180DCE00E3F7FD /* TableView.storyboard */; };
		88966C3924180DCE00E3F7FD /* Onboarding.storyboard in Resources */ = {isa = PBXBuildFile; fileRef = 88966C1F24180DCE00E3F7FD /* Onboarding.storyboard */; };
		88966C3A24180DCE00E3F7FD /* Favourites.storyboard in Resources */ = {isa = PBXBuildFile; fileRef = 88966C2024180DCE00E3F7FD /* Favourites.storyboard */; };
		88966C3B24180DCE00E3F7FD /* MyCocktails.storyboard in Resources */ = {isa = PBXBuildFile; fileRef = 88966C2124180DCE00E3F7FD /* MyCocktails.storyboard */; };
		88966C3C24180DCE00E3F7FD /* Home.storyboard in Resources */ = {isa = PBXBuildFile; fileRef = 88966C2224180DCE00E3F7FD /* Home.storyboard */; };
		88966C3D24180DCE00E3F7FD /* Surprise.storyboard in Resources */ = {isa = PBXBuildFile; fileRef = 88966C2324180DCE00E3F7FD /* Surprise.storyboard */; };
		88966C3E24180DCE00E3F7FD /* Main.storyboard in Resources */ = {isa = PBXBuildFile; fileRef = 88966C2424180DCE00E3F7FD /* Main.storyboard */; };
		88966C3F24180DCE00E3F7FD /* CocktailView.storyboard in Resources */ = {isa = PBXBuildFile; fileRef = 88966C2624180DCE00E3F7FD /* CocktailView.storyboard */; };
		88966C4024180DCE00E3F7FD /* TabBar.storyboard in Resources */ = {isa = PBXBuildFile; fileRef = 88966C2724180DCE00E3F7FD /* TabBar.storyboard */; };
		88966C4124180DCE00E3F7FD /* Account.storyboard in Resources */ = {isa = PBXBuildFile; fileRef = 88966C2824180DCE00E3F7FD /* Account.storyboard */; };
		EF0B744623F0ECD300AC5644 /* AppDelegate.swift in Sources */ = {isa = PBXBuildFile; fileRef = EF0B744523F0ECD300AC5644 /* AppDelegate.swift */; };
		EF0B744823F0ECD300AC5644 /* SceneDelegate.swift in Sources */ = {isa = PBXBuildFile; fileRef = EF0B744723F0ECD300AC5644 /* SceneDelegate.swift */; };
		EF0B744A23F0ECD300AC5644 /* ViewController.swift in Sources */ = {isa = PBXBuildFile; fileRef = EF0B744923F0ECD300AC5644 /* ViewController.swift */; };
		EF0B744F23F0ECD500AC5644 /* Assets.xcassets in Resources */ = {isa = PBXBuildFile; fileRef = EF0B744E23F0ECD500AC5644 /* Assets.xcassets */; };
		EF0B745223F0ECD500AC5644 /* LaunchScreen.storyboard in Resources */ = {isa = PBXBuildFile; fileRef = EF0B745023F0ECD500AC5644 /* LaunchScreen.storyboard */; };
		EF0B745E23F1588A00AC5644 /* Colors.xcassets in Resources */ = {isa = PBXBuildFile; fileRef = EF0B745D23F1588A00AC5644 /* Colors.xcassets */; };
/* End PBXBuildFile section */

/* Begin PBXFileReference section */
		289528366BF5FB8DC5B755AA /* Pods-Mixit.debug.xcconfig */ = {isa = PBXFileReference; includeInIndex = 1; lastKnownFileType = text.xcconfig; name = "Pods-Mixit.debug.xcconfig"; path = "Target Support Files/Pods-Mixit/Pods-Mixit.debug.xcconfig"; sourceTree = "<group>"; };
		884C3FFB24187CDA007BD36A /* GoogleService-Info.plist */ = {isa = PBXFileReference; fileEncoding = 4; lastKnownFileType = text.plist.xml; path = "GoogleService-Info.plist"; sourceTree = "<group>"; };
		884C3FFD2418A79E007BD36A /* SignUpViewController.swift */ = {isa = PBXFileReference; lastKnownFileType = sourcecode.swift; path = SignUpViewController.swift; sourceTree = "<group>"; };
		884C3FFF2418AA98007BD36A /* Utilities.swift */ = {isa = PBXFileReference; lastKnownFileType = sourcecode.swift; path = Utilities.swift; sourceTree = "<group>"; };
		887A957924137085000FA5E6 /* CocktailAPIService.swift */ = {isa = PBXFileReference; lastKnownFileType = sourcecode.swift; path = CocktailAPIService.swift; sourceTree = "<group>"; };
		88966C0B24180DCE00E3F7FD /* HomeCocktailsTableViewController.swift */ = {isa = PBXFileReference; fileEncoding = 4; lastKnownFileType = sourcecode.swift; path = HomeCocktailsTableViewController.swift; sourceTree = "<group>"; };
		88966C0C24180DCE00E3F7FD /* IngredientTableViewController.swift */ = {isa = PBXFileReference; fileEncoding = 4; lastKnownFileType = sourcecode.swift; path = IngredientTableViewController.swift; sourceTree = "<group>"; };
		88966C0D24180DCE00E3F7FD /* WalkthroughPageViewController.swift */ = {isa = PBXFileReference; fileEncoding = 4; lastKnownFileType = sourcecode.swift; path = WalkthroughPageViewController.swift; sourceTree = "<group>"; };
		88966C0E24180DCE00E3F7FD /* WalkthroughViewController.swift */ = {isa = PBXFileReference; fileEncoding = 4; lastKnownFileType = sourcecode.swift; path = WalkthroughViewController.swift; sourceTree = "<group>"; };
		88966C0F24180DCE00E3F7FD /* CocktailViewControllerHome.swift */ = {isa = PBXFileReference; fileEncoding = 4; lastKnownFileType = sourcecode.swift; path = CocktailViewControllerHome.swift; sourceTree = "<group>"; };
		88966C1024180DCE00E3F7FD /* CreateCocktailViewController.swift */ = {isa = PBXFileReference; fileEncoding = 4; lastKnownFileType = sourcecode.swift; path = CreateCocktailViewController.swift; sourceTree = "<group>"; };
		88966C1124180DCE00E3F7FD /* IngredientCellTableViewCell.swift */ = {isa = PBXFileReference; fileEncoding = 4; lastKnownFileType = sourcecode.swift; path = IngredientCellTableViewCell.swift; sourceTree = "<group>"; };
		88966C1224180DCE00E3F7FD /* FavouritesCocktailsTableViewController.swift */ = {isa = PBXFileReference; fileEncoding = 4; lastKnownFileType = sourcecode.swift; path = FavouritesCocktailsTableViewController.swift; sourceTree = "<group>"; };
		88966C1324180DCE00E3F7FD /* MyCocktailsTableViewControllerHome.swift */ = {isa = PBXFileReference; fileEncoding = 4; lastKnownFileType = sourcecode.swift; path = MyCocktailsTableViewControllerHome.swift; sourceTree = "<group>"; };
		88966C1424180DCE00E3F7FD /* WalkthroughContentViewController.swift */ = {isa = PBXFileReference; fileEncoding = 4; lastKnownFileType = sourcecode.swift; path = WalkthroughContentViewController.swift; sourceTree = "<group>"; };
		88966C1624180DCE00E3F7FD /* Cocktail.swift */ = {isa = PBXFileReference; fileEncoding = 4; lastKnownFileType = sourcecode.swift; path = Cocktail.swift; sourceTree = "<group>"; };
		88966C1724180DCE00E3F7FD /* Ingredient.swift */ = {isa = PBXFileReference; fileEncoding = 4; lastKnownFileType = sourcecode.swift; path = Ingredient.swift; sourceTree = "<group>"; };
		88966C1924180DCE00E3F7FD /* CocktailsManagerHome.swift */ = {isa = PBXFileReference; fileEncoding = 4; lastKnownFileType = sourcecode.swift; path = CocktailsManagerHome.swift; sourceTree = "<group>"; };
		88966C1A24180DCE00E3F7FD /* IngredientsManager.swift */ = {isa = PBXFileReference; fileEncoding = 4; lastKnownFileType = sourcecode.swift; path = IngredientsManager.swift; sourceTree = "<group>"; };
		88966C1C24180DCE00E3F7FD /* DesignableView.swift */ = {isa = PBXFileReference; fileEncoding = 4; lastKnownFileType = sourcecode.swift; path = DesignableView.swift; sourceTree = "<group>"; };
		88966C1E24180DCE00E3F7FD /* TableView.storyboard */ = {isa = PBXFileReference; fileEncoding = 4; lastKnownFileType = file.storyboard; path = TableView.storyboard; sourceTree = "<group>"; };
		88966C1F24180DCE00E3F7FD /* Onboarding.storyboard */ = {isa = PBXFileReference; fileEncoding = 4; lastKnownFileType = file.storyboard; path = Onboarding.storyboard; sourceTree = "<group>"; };
		88966C2024180DCE00E3F7FD /* Favourites.storyboard */ = {isa = PBXFileReference; fileEncoding = 4; lastKnownFileType = file.storyboard; path = Favourites.storyboard; sourceTree = "<group>"; };
		88966C2124180DCE00E3F7FD /* MyCocktails.storyboard */ = {isa = PBXFileReference; fileEncoding = 4; lastKnownFileType = file.storyboard; path = MyCocktails.storyboard; sourceTree = "<group>"; };
		88966C2224180DCE00E3F7FD /* Home.storyboard */ = {isa = PBXFileReference; fileEncoding = 4; lastKnownFileType = file.storyboard; path = Home.storyboard; sourceTree = "<group>"; };
		88966C2324180DCE00E3F7FD /* Surprise.storyboard */ = {isa = PBXFileReference; fileEncoding = 4; lastKnownFileType = file.storyboard; path = Surprise.storyboard; sourceTree = "<group>"; };
		88966C2524180DCE00E3F7FD /* Base */ = {isa = PBXFileReference; lastKnownFileType = file.storyboard; name = Base; path = Base.lproj/Main.storyboard; sourceTree = "<group>"; };
		88966C2624180DCE00E3F7FD /* CocktailView.storyboard */ = {isa = PBXFileReference; fileEncoding = 4; lastKnownFileType = file.storyboard; path = CocktailView.storyboard; sourceTree = "<group>"; };
		88966C2724180DCE00E3F7FD /* TabBar.storyboard */ = {isa = PBXFileReference; fileEncoding = 4; lastKnownFileType = file.storyboard; path = TabBar.storyboard; sourceTree = "<group>"; };
		88966C2824180DCE00E3F7FD /* Account.storyboard */ = {isa = PBXFileReference; fileEncoding = 4; lastKnownFileType = file.storyboard; path = Account.storyboard; sourceTree = "<group>"; };
		AEBCE6AF96E5CC245EF2C782 /* Pods_Mixit.framework */ = {isa = PBXFileReference; explicitFileType = wrapper.framework; includeInIndex = 0; path = Pods_Mixit.framework; sourceTree = BUILT_PRODUCTS_DIR; };
		CFB9FA7D00C1327F4234403B /* Pods-Mixit.release.xcconfig */ = {isa = PBXFileReference; includeInIndex = 1; lastKnownFileType = text.xcconfig; name = "Pods-Mixit.release.xcconfig"; path = "Target Support Files/Pods-Mixit/Pods-Mixit.release.xcconfig"; sourceTree = "<group>"; };
		EF0B744223F0ECD300AC5644 /* Mixit.app */ = {isa = PBXFileReference; explicitFileType = wrapper.application; includeInIndex = 0; path = Mixit.app; sourceTree = BUILT_PRODUCTS_DIR; };
		EF0B744523F0ECD300AC5644 /* AppDelegate.swift */ = {isa = PBXFileReference; lastKnownFileType = sourcecode.swift; path = AppDelegate.swift; sourceTree = "<group>"; };
		EF0B744723F0ECD300AC5644 /* SceneDelegate.swift */ = {isa = PBXFileReference; lastKnownFileType = sourcecode.swift; path = SceneDelegate.swift; sourceTree = "<group>"; };
		EF0B744923F0ECD300AC5644 /* ViewController.swift */ = {isa = PBXFileReference; lastKnownFileType = sourcecode.swift; path = ViewController.swift; sourceTree = "<group>"; };
		EF0B744E23F0ECD500AC5644 /* Assets.xcassets */ = {isa = PBXFileReference; lastKnownFileType = folder.assetcatalog; path = Assets.xcassets; sourceTree = "<group>"; };
		EF0B745123F0ECD500AC5644 /* Base */ = {isa = PBXFileReference; lastKnownFileType = file.storyboard; name = Base; path = Base.lproj/LaunchScreen.storyboard; sourceTree = "<group>"; };
		EF0B745323F0ECD500AC5644 /* Info.plist */ = {isa = PBXFileReference; lastKnownFileType = text.plist.xml; path = Info.plist; sourceTree = "<group>"; };
		EF0B745D23F1588A00AC5644 /* Colors.xcassets */ = {isa = PBXFileReference; lastKnownFileType = folder.assetcatalog; path = Colors.xcassets; sourceTree = "<group>"; };
/* End PBXFileReference section */

/* Begin PBXFrameworksBuildPhase section */
		EF0B743F23F0ECD300AC5644 /* Frameworks */ = {
			isa = PBXFrameworksBuildPhase;
			buildActionMask = 2147483647;
			files = (
				83F915C821AB9B6F8648B118 /* Pods_Mixit.framework in Frameworks */,
			);
			runOnlyForDeploymentPostprocessing = 0;
		};
/* End PBXFrameworksBuildPhase section */

/* Begin PBXGroup section */
		7BB4BABE4925C2513DD7D0EE /* Frameworks */ = {
			isa = PBXGroup;
			children = (
				AEBCE6AF96E5CC245EF2C782 /* Pods_Mixit.framework */,
			);
			name = Frameworks;
			sourceTree = "<group>";
		};
		8820BF5724186112007C81A1 /* Utilities */ = {
			isa = PBXGroup;
			children = (
				884C3FFF2418AA98007BD36A /* Utilities.swift */,
			);
			path = Utilities;
			sourceTree = "<group>";
		};
		88966C0A24180DCE00E3F7FD /* Controller */ = {
			isa = PBXGroup;
			children = (
				88966C0B24180DCE00E3F7FD /* HomeCocktailsTableViewController.swift */,
				88966C0C24180DCE00E3F7FD /* IngredientTableViewController.swift */,
				88966C0D24180DCE00E3F7FD /* WalkthroughPageViewController.swift */,
				88966C0E24180DCE00E3F7FD /* WalkthroughViewController.swift */,
				88966C0F24180DCE00E3F7FD /* CocktailViewControllerHome.swift */,
				88966C1024180DCE00E3F7FD /* CreateCocktailViewController.swift */,
				88966C1124180DCE00E3F7FD /* IngredientCellTableViewCell.swift */,
				88966C1224180DCE00E3F7FD /* FavouritesCocktailsTableViewController.swift */,
				88966C1324180DCE00E3F7FD /* MyCocktailsTableViewControllerHome.swift */,
				88966C1424180DCE00E3F7FD /* WalkthroughContentViewController.swift */,
				884C3FFD2418A79E007BD36A /* SignUpViewController.swift */,
			);
			path = Controller;
			sourceTree = "<group>";
		};
		88966C1524180DCE00E3F7FD /* models */ = {
			isa = PBXGroup;
			children = (
				88966C1624180DCE00E3F7FD /* Cocktail.swift */,
				88966C1724180DCE00E3F7FD /* Ingredient.swift */,
			);
			path = models;
			sourceTree = "<group>";
		};
		88966C1824180DCE00E3F7FD /* managers */ = {
			isa = PBXGroup;
			children = (
				88966C1924180DCE00E3F7FD /* CocktailsManagerHome.swift */,
				88966C1A24180DCE00E3F7FD /* IngredientsManager.swift */,
			);
			path = managers;
			sourceTree = "<group>";
		};
		88966C1B24180DCE00E3F7FD /* Design */ = {
			isa = PBXGroup;
			children = (
				88966C1C24180DCE00E3F7FD /* DesignableView.swift */,
			);
			path = Design;
			sourceTree = "<group>";
		};
		88966C1D24180DCE00E3F7FD /* Storyboard */ = {
			isa = PBXGroup;
			children = (
				88966C1E24180DCE00E3F7FD /* TableView.storyboard */,
				88966C1F24180DCE00E3F7FD /* Onboarding.storyboard */,
				88966C2024180DCE00E3F7FD /* Favourites.storyboard */,
				88966C2124180DCE00E3F7FD /* MyCocktails.storyboard */,
				88966C2224180DCE00E3F7FD /* Home.storyboard */,
				88966C2324180DCE00E3F7FD /* Surprise.storyboard */,
				88966C2424180DCE00E3F7FD /* Main.storyboard */,
				88966C2624180DCE00E3F7FD /* CocktailView.storyboard */,
				88966C2724180DCE00E3F7FD /* TabBar.storyboard */,
				88966C2824180DCE00E3F7FD /* Account.storyboard */,
			);
			path = Storyboard;
			sourceTree = "<group>";
		};
		AF83949450A3B45F6F575ADB /* Pods */ = {
			isa = PBXGroup;
			children = (
				289528366BF5FB8DC5B755AA /* Pods-Mixit.debug.xcconfig */,
				CFB9FA7D00C1327F4234403B /* Pods-Mixit.release.xcconfig */,
			);
			path = Pods;
			sourceTree = "<group>";
		};
		EF0B743923F0ECD300AC5644 = {
			isa = PBXGroup;
			children = (
				EF0B744423F0ECD300AC5644 /* Mixit */,
				EF0B744323F0ECD300AC5644 /* Products */,
				AF83949450A3B45F6F575ADB /* Pods */,
				7BB4BABE4925C2513DD7D0EE /* Frameworks */,
			);
			sourceTree = "<group>";
		};
		EF0B744323F0ECD300AC5644 /* Products */ = {
			isa = PBXGroup;
			children = (
				EF0B744223F0ECD300AC5644 /* Mixit.app */,
			);
			name = Products;
			sourceTree = "<group>";
		};
		EF0B744423F0ECD300AC5644 /* Mixit */ = {
			isa = PBXGroup;
			children = (
				8820BF5724186112007C81A1 /* Utilities */,
				88966C0A24180DCE00E3F7FD /* Controller */,
				88966C1B24180DCE00E3F7FD /* Design */,
				88966C1824180DCE00E3F7FD /* managers */,
				88966C1524180DCE00E3F7FD /* models */,
				88966C1D24180DCE00E3F7FD /* Storyboard */,
				EF0B744523F0ECD300AC5644 /* AppDelegate.swift */,
				EF0B744723F0ECD300AC5644 /* SceneDelegate.swift */,
				EF0B744923F0ECD300AC5644 /* ViewController.swift */,
				EF0B744E23F0ECD500AC5644 /* Assets.xcassets */,
				EF0B745023F0ECD500AC5644 /* LaunchScreen.storyboard */,
				EF0B745323F0ECD500AC5644 /* Info.plist */,
				EF0B745D23F1588A00AC5644 /* Colors.xcassets */,
				884C3FFB24187CDA007BD36A /* GoogleService-Info.plist */,
				887A957924137085000FA5E6 /* CocktailAPIService.swift */,
			);
			path = Mixit;
			sourceTree = "<group>";
		};
/* End PBXGroup section */

/* Begin PBXNativeTarget section */
		EF0B744123F0ECD300AC5644 /* Mixit */ = {
			isa = PBXNativeTarget;
			buildConfigurationList = EF0B745623F0ECD500AC5644 /* Build configuration list for PBXNativeTarget "Mixit" */;
			buildPhases = (
				BA710CBDEBB5F934752F3DBC /* [CP] Check Pods Manifest.lock */,
				EF0B743E23F0ECD300AC5644 /* Sources */,
				EF0B743F23F0ECD300AC5644 /* Frameworks */,
				EF0B744023F0ECD300AC5644 /* Resources */,
				C133CCCA20F93410B1B8B683 /* [CP] Embed Pods Frameworks */,
			);
			buildRules = (
			);
			dependencies = (
			);
			name = Mixit;
			productName = Mixit;
			productReference = EF0B744223F0ECD300AC5644 /* Mixit.app */;
			productType = "com.apple.product-type.application";
		};
/* End PBXNativeTarget section */

/* Begin PBXProject section */
		EF0B743A23F0ECD300AC5644 /* Project object */ = {
			isa = PBXProject;
			attributes = {
				LastSwiftUpdateCheck = 1130;
				LastUpgradeCheck = 1130;
				ORGANIZATIONNAME = "Cristhian Bola\U0010\U0010\U0010\U0010ños";
				TargetAttributes = {
					EF0B744123F0ECD300AC5644 = {
						CreatedOnToolsVersion = 11.3.1;
					};
				};
			};
			buildConfigurationList = EF0B743D23F0ECD300AC5644 /* Build configuration list for PBXProject "Mixit" */;
			compatibilityVersion = "Xcode 9.3";
			developmentRegion = en;
			hasScannedForEncodings = 0;
			knownRegions = (
				en,
				Base,
			);
			mainGroup = EF0B743923F0ECD300AC5644;
			productRefGroup = EF0B744323F0ECD300AC5644 /* Products */;
			projectDirPath = "";
			projectRoot = "";
			targets = (
				EF0B744123F0ECD300AC5644 /* Mixit */,
			);
		};
/* End PBXProject section */

/* Begin PBXResourcesBuildPhase section */
		EF0B744023F0ECD300AC5644 /* Resources */ = {
			isa = PBXResourcesBuildPhase;
			buildActionMask = 2147483647;
			files = (
				EF0B745E23F1588A00AC5644 /* Colors.xcassets in Resources */,
				88966C3F24180DCE00E3F7FD /* CocktailView.storyboard in Resources */,
				88966C3E24180DCE00E3F7FD /* Main.storyboard in Resources */,
				88966C3924180DCE00E3F7FD /* Onboarding.storyboard in Resources */,
				88966C4024180DCE00E3F7FD /* TabBar.storyboard in Resources */,
				88966C3B24180DCE00E3F7FD /* MyCocktails.storyboard in Resources */,
				88966C3A24180DCE00E3F7FD /* Favourites.storyboard in Resources */,
				EF0B745223F0ECD500AC5644 /* LaunchScreen.storyboard in Resources */,
				88966C3D24180DCE00E3F7FD /* Surprise.storyboard in Resources */,
				88966C3824180DCE00E3F7FD /* TableView.storyboard in Resources */,
				88966C4124180DCE00E3F7FD /* Account.storyboard in Resources */,
				EF0B744F23F0ECD500AC5644 /* Assets.xcassets in Resources */,
				88966C3C24180DCE00E3F7FD /* Home.storyboard in Resources */,
				884C3FFC24187CDA007BD36A /* GoogleService-Info.plist in Resources */,
			);
			runOnlyForDeploymentPostprocessing = 0;
		};
/* End PBXResourcesBuildPhase section */

/* Begin PBXShellScriptBuildPhase section */
		BA710CBDEBB5F934752F3DBC /* [CP] Check Pods Manifest.lock */ = {
			isa = PBXShellScriptBuildPhase;
			buildActionMask = 2147483647;
			files = (
			);
			inputFileListPaths = (
			);
			inputPaths = (
				"${PODS_PODFILE_DIR_PATH}/Podfile.lock",
				"${PODS_ROOT}/Manifest.lock",
			);
			name = "[CP] Check Pods Manifest.lock";
			outputFileListPaths = (
			);
			outputPaths = (
				"$(DERIVED_FILE_DIR)/Pods-Mixit-checkManifestLockResult.txt",
			);
			runOnlyForDeploymentPostprocessing = 0;
			shellPath = /bin/sh;
			shellScript = "diff \"${PODS_PODFILE_DIR_PATH}/Podfile.lock\" \"${PODS_ROOT}/Manifest.lock\" > /dev/null\nif [ $? != 0 ] ; then\n    # print error to STDERR\n    echo \"error: The sandbox is not in sync with the Podfile.lock. Run 'pod install' or update your CocoaPods installation.\" >&2\n    exit 1\nfi\n# This output is used by Xcode 'outputs' to avoid re-running this script phase.\necho \"SUCCESS\" > \"${SCRIPT_OUTPUT_FILE_0}\"\n";
			showEnvVarsInLog = 0;
		};
		C133CCCA20F93410B1B8B683 /* [CP] Embed Pods Frameworks */ = {
			isa = PBXShellScriptBuildPhase;
			buildActionMask = 2147483647;
			files = (
			);
			inputFileListPaths = (
				"${PODS_ROOT}/Target Support Files/Pods-Mixit/Pods-Mixit-frameworks-${CONFIGURATION}-input-files.xcfilelist",
			);
			name = "[CP] Embed Pods Frameworks";
			outputFileListPaths = (
				"${PODS_ROOT}/Target Support Files/Pods-Mixit/Pods-Mixit-frameworks-${CONFIGURATION}-output-files.xcfilelist",
			);
			runOnlyForDeploymentPostprocessing = 0;
			shellPath = /bin/sh;
			shellScript = "\"${PODS_ROOT}/Target Support Files/Pods-Mixit/Pods-Mixit-frameworks.sh\"\n";
			showEnvVarsInLog = 0;
		};
/* End PBXShellScriptBuildPhase section */

/* Begin PBXSourcesBuildPhase section */
		EF0B743E23F0ECD300AC5644 /* Sources */ = {
			isa = PBXSourcesBuildPhase;
			buildActionMask = 2147483647;
			files = (
				88966C2F24180DCE00E3F7FD /* IngredientCellTableViewCell.swift in Sources */,
				EF0B744A23F0ECD300AC5644 /* ViewController.swift in Sources */,
				884C40002418AA98007BD36A /* Utilities.swift in Sources */,
				88966C2C24180DCE00E3F7FD /* WalkthroughViewController.swift in Sources */,
				88966C2924180DCE00E3F7FD /* HomeCocktailsTableViewController.swift in Sources */,
				88966C3624180DCE00E3F7FD /* IngredientsManager.swift in Sources */,
				88966C3424180DCE00E3F7FD /* Ingredient.swift in Sources */,
				EF0B744623F0ECD300AC5644 /* AppDelegate.swift in Sources */,
				88966C3724180DCE00E3F7FD /* DesignableView.swift in Sources */,
				887A957A24137085000FA5E6 /* CocktailAPIService.swift in Sources */,
				88966C2D24180DCE00E3F7FD /* CocktailViewControllerHome.swift in Sources */,
				88966C3024180DCE00E3F7FD /* FavouritesCocktailsTableViewController.swift in Sources */,
				88966C3324180DCE00E3F7FD /* Cocktail.swift in Sources */,
				88966C3524180DCE00E3F7FD /* CocktailsManagerHome.swift in Sources */,
				88966C2A24180DCE00E3F7FD /* IngredientTableViewController.swift in Sources */,
				88966C3224180DCE00E3F7FD /* WalkthroughContentViewController.swift in Sources */,
				884C3FFE2418A79E007BD36A /* SignUpViewController.swift in Sources */,
				EF0B744823F0ECD300AC5644 /* SceneDelegate.swift in Sources */,
				88966C2E24180DCE00E3F7FD /* CreateCocktailViewController.swift in Sources */,
				88966C2B24180DCE00E3F7FD /* WalkthroughPageViewController.swift in Sources */,
				88966C3124180DCE00E3F7FD /* MyCocktailsTableViewControllerHome.swift in Sources */,
			);
			runOnlyForDeploymentPostprocessing = 0;
		};
/* End PBXSourcesBuildPhase section */

/* Begin PBXVariantGroup section */
		88966C2424180DCE00E3F7FD /* Main.storyboard */ = {
			isa = PBXVariantGroup;
			children = (
				88966C2524180DCE00E3F7FD /* Base */,
			);
			name = Main.storyboard;
			sourceTree = "<group>";
		};
		EF0B745023F0ECD500AC5644 /* LaunchScreen.storyboard */ = {
			isa = PBXVariantGroup;
			children = (
				EF0B745123F0ECD500AC5644 /* Base */,
			);
			name = LaunchScreen.storyboard;
			sourceTree = "<group>";
		};
/* End PBXVariantGroup section */

/* Begin XCBuildConfiguration section */
		EF0B745423F0ECD500AC5644 /* Debug */ = {
			isa = XCBuildConfiguration;
			buildSettings = {
				ALWAYS_SEARCH_USER_PATHS = NO;
				CLANG_ANALYZER_NONNULL = YES;
				CLANG_ANALYZER_NUMBER_OBJECT_CONVERSION = YES_AGGRESSIVE;
				CLANG_CXX_LANGUAGE_STANDARD = "gnu++14";
				CLANG_CXX_LIBRARY = "libc++";
				CLANG_ENABLE_MODULES = YES;
				CLANG_ENABLE_OBJC_ARC = YES;
				CLANG_ENABLE_OBJC_WEAK = YES;
				CLANG_WARN_BLOCK_CAPTURE_AUTORELEASING = YES;
				CLANG_WARN_BOOL_CONVERSION = YES;
				CLANG_WARN_COMMA = YES;
				CLANG_WARN_CONSTANT_CONVERSION = YES;
				CLANG_WARN_DEPRECATED_OBJC_IMPLEMENTATIONS = YES;
				CLANG_WARN_DIRECT_OBJC_ISA_USAGE = YES_ERROR;
				CLANG_WARN_DOCUMENTATION_COMMENTS = YES;
				CLANG_WARN_EMPTY_BODY = YES;
				CLANG_WARN_ENUM_CONVERSION = YES;
				CLANG_WARN_INFINITE_RECURSION = YES;
				CLANG_WARN_INT_CONVERSION = YES;
				CLANG_WARN_NON_LITERAL_NULL_CONVERSION = YES;
				CLANG_WARN_OBJC_IMPLICIT_RETAIN_SELF = YES;
				CLANG_WARN_OBJC_LITERAL_CONVERSION = YES;
				CLANG_WARN_OBJC_ROOT_CLASS = YES_ERROR;
				CLANG_WARN_RANGE_LOOP_ANALYSIS = YES;
				CLANG_WARN_STRICT_PROTOTYPES = YES;
				CLANG_WARN_SUSPICIOUS_MOVE = YES;
				CLANG_WARN_UNGUARDED_AVAILABILITY = YES_AGGRESSIVE;
				CLANG_WARN_UNREACHABLE_CODE = YES;
				CLANG_WARN__DUPLICATE_METHOD_MATCH = YES;
				COPY_PHASE_STRIP = NO;
				DEBUG_INFORMATION_FORMAT = dwarf;
				ENABLE_STRICT_OBJC_MSGSEND = YES;
				ENABLE_TESTABILITY = YES;
				GCC_C_LANGUAGE_STANDARD = gnu11;
				GCC_DYNAMIC_NO_PIC = NO;
				GCC_NO_COMMON_BLOCKS = YES;
				GCC_OPTIMIZATION_LEVEL = 0;
				GCC_PREPROCESSOR_DEFINITIONS = (
					"DEBUG=1",
					"$(inherited)",
				);
				GCC_WARN_64_TO_32_BIT_CONVERSION = YES;
				GCC_WARN_ABOUT_RETURN_TYPE = YES_ERROR;
				GCC_WARN_UNDECLARED_SELECTOR = YES;
				GCC_WARN_UNINITIALIZED_AUTOS = YES_AGGRESSIVE;
				GCC_WARN_UNUSED_FUNCTION = YES;
				GCC_WARN_UNUSED_VARIABLE = YES;
				IPHONEOS_DEPLOYMENT_TARGET = 13.2;
				MTL_ENABLE_DEBUG_INFO = INCLUDE_SOURCE;
				MTL_FAST_MATH = YES;
				ONLY_ACTIVE_ARCH = YES;
				SDKROOT = iphoneos;
				SWIFT_ACTIVE_COMPILATION_CONDITIONS = DEBUG;
				SWIFT_OPTIMIZATION_LEVEL = "-Onone";
			};
			name = Debug;
		};
		EF0B745523F0ECD500AC5644 /* Release */ = {
			isa = XCBuildConfiguration;
			buildSettings = {
				ALWAYS_SEARCH_USER_PATHS = NO;
				CLANG_ANALYZER_NONNULL = YES;
				CLANG_ANALYZER_NUMBER_OBJECT_CONVERSION = YES_AGGRESSIVE;
				CLANG_CXX_LANGUAGE_STANDARD = "gnu++14";
				CLANG_CXX_LIBRARY = "libc++";
				CLANG_ENABLE_MODULES = YES;
				CLANG_ENABLE_OBJC_ARC = YES;
				CLANG_ENABLE_OBJC_WEAK = YES;
				CLANG_WARN_BLOCK_CAPTURE_AUTORELEASING = YES;
				CLANG_WARN_BOOL_CONVERSION = YES;
				CLANG_WARN_COMMA = YES;
				CLANG_WARN_CONSTANT_CONVERSION = YES;
				CLANG_WARN_DEPRECATED_OBJC_IMPLEMENTATIONS = YES;
				CLANG_WARN_DIRECT_OBJC_ISA_USAGE = YES_ERROR;
				CLANG_WARN_DOCUMENTATION_COMMENTS = YES;
				CLANG_WARN_EMPTY_BODY = YES;
				CLANG_WARN_ENUM_CONVERSION = YES;
				CLANG_WARN_INFINITE_RECURSION = YES;
				CLANG_WARN_INT_CONVERSION = YES;
				CLANG_WARN_NON_LITERAL_NULL_CONVERSION = YES;
				CLANG_WARN_OBJC_IMPLICIT_RETAIN_SELF = YES;
				CLANG_WARN_OBJC_LITERAL_CONVERSION = YES;
				CLANG_WARN_OBJC_ROOT_CLASS = YES_ERROR;
				CLANG_WARN_RANGE_LOOP_ANALYSIS = YES;
				CLANG_WARN_STRICT_PROTOTYPES = YES;
				CLANG_WARN_SUSPICIOUS_MOVE = YES;
				CLANG_WARN_UNGUARDED_AVAILABILITY = YES_AGGRESSIVE;
				CLANG_WARN_UNREACHABLE_CODE = YES;
				CLANG_WARN__DUPLICATE_METHOD_MATCH = YES;
				COPY_PHASE_STRIP = NO;
				DEBUG_INFORMATION_FORMAT = "dwarf-with-dsym";
				ENABLE_NS_ASSERTIONS = NO;
				ENABLE_STRICT_OBJC_MSGSEND = YES;
				GCC_C_LANGUAGE_STANDARD = gnu11;
				GCC_NO_COMMON_BLOCKS = YES;
				GCC_WARN_64_TO_32_BIT_CONVERSION = YES;
				GCC_WARN_ABOUT_RETURN_TYPE = YES_ERROR;
				GCC_WARN_UNDECLARED_SELECTOR = YES;
				GCC_WARN_UNINITIALIZED_AUTOS = YES_AGGRESSIVE;
				GCC_WARN_UNUSED_FUNCTION = YES;
				GCC_WARN_UNUSED_VARIABLE = YES;
				IPHONEOS_DEPLOYMENT_TARGET = 13.2;
				MTL_ENABLE_DEBUG_INFO = NO;
				MTL_FAST_MATH = YES;
				SDKROOT = iphoneos;
				SWIFT_COMPILATION_MODE = wholemodule;
				SWIFT_OPTIMIZATION_LEVEL = "-O";
				VALIDATE_PRODUCT = YES;
			};
			name = Release;
		};
		EF0B745723F0ECD500AC5644 /* Debug */ = {
			isa = XCBuildConfiguration;
			baseConfigurationReference = 289528366BF5FB8DC5B755AA /* Pods-Mixit.debug.xcconfig */;
			buildSettings = {
				ASSETCATALOG_COMPILER_APPICON_NAME = AppIcon;
				CODE_SIGN_STYLE = Automatic;
				INFOPLIST_FILE = Mixit/Info.plist;
				LD_RUNPATH_SEARCH_PATHS = (
					"$(inherited)",
					"@executable_path/Frameworks",
				);
				PRODUCT_BUNDLE_IDENTIFIER = com.aplimovil.Mixit;
				PRODUCT_NAME = "$(TARGET_NAME)";
				SWIFT_VERSION = 5.0;
				TARGETED_DEVICE_FAMILY = "1,2";
			};
			name = Debug;
		};
		EF0B745823F0ECD500AC5644 /* Release */ = {
			isa = XCBuildConfiguration;
			baseConfigurationReference = CFB9FA7D00C1327F4234403B /* Pods-Mixit.release.xcconfig */;
			buildSettings = {
				ASSETCATALOG_COMPILER_APPICON_NAME = AppIcon;
				CODE_SIGN_STYLE = Automatic;
				INFOPLIST_FILE = Mixit/Info.plist;
				LD_RUNPATH_SEARCH_PATHS = (
					"$(inherited)",
					"@executable_path/Frameworks",
				);
				PRODUCT_BUNDLE_IDENTIFIER = com.aplimovil.Mixit;
				PRODUCT_NAME = "$(TARGET_NAME)";
				SWIFT_VERSION = 5.0;
				TARGETED_DEVICE_FAMILY = "1,2";
			};
			name = Release;
		};
/* End XCBuildConfiguration section */

/* Begin XCConfigurationList section */
		EF0B743D23F0ECD300AC5644 /* Build configuration list for PBXProject "Mixit" */ = {
			isa = XCConfigurationList;
			buildConfigurations = (
				EF0B745423F0ECD500AC5644 /* Debug */,
				EF0B745523F0ECD500AC5644 /* Release */,
			);
			defaultConfigurationIsVisible = 0;
			defaultConfigurationName = Release;
		};
		EF0B745623F0ECD500AC5644 /* Build configuration list for PBXNativeTarget "Mixit" */ = {
			isa = XCConfigurationList;
			buildConfigurations = (
				EF0B745723F0ECD500AC5644 /* Debug */,
				EF0B745823F0ECD500AC5644 /* Release */,
			);
			defaultConfigurationIsVisible = 0;
			defaultConfigurationName = Release;
		};
/* End XCConfigurationList section */
	};
	rootObject = EF0B743A23F0ECD300AC5644 /* Project object */;
}
