// !$*UTF8*$!
{
	archiveVersion = 1;
	classes = {
	};
	objectVersion = 50;
	objects = {

/* Begin PBXBuildFile section */
		881A7E14241340BA006596E7 /* CocktailViewControllerHome.swift in Sources */ = {isa = PBXBuildFile; fileRef = 881A7E13241340BA006596E7 /* CocktailViewControllerHome.swift */; };
		881A7E1624135C9C006596E7 /* CocktailView.storyboard in Resources */ = {isa = PBXBuildFile; fileRef = 881A7E1524135C9C006596E7 /* CocktailView.storyboard */; };
		882D2A242411D11500DBCDEE /* CocktailsManagerHome.swift in Sources */ = {isa = PBXBuildFile; fileRef = 882D2A232411D11500DBCDEE /* CocktailsManagerHome.swift */; };
		88693517240FAE7500E753F3 /* MyCocktailsTableViewControllerHome.swift in Sources */ = {isa = PBXBuildFile; fileRef = 88693516240FAE7500E753F3 /* MyCocktailsTableViewControllerHome.swift */; };
		8869351A240FB1C600E753F3 /* Cocktail.swift in Sources */ = {isa = PBXBuildFile; fileRef = 88693519240FB1C600E753F3 /* Cocktail.swift */; };
		888F58F92414535200A06E29 /* IngredientCellTableViewCell.swift in Sources */ = {isa = PBXBuildFile; fileRef = 888F58F82414535200A06E29 /* IngredientCellTableViewCell.swift */; };
		888F58FB2414563600A06E29 /* Ingredient.swift in Sources */ = {isa = PBXBuildFile; fileRef = 888F58FA2414563600A06E29 /* Ingredient.swift */; };
		888F59002414628A00A06E29 /* CreateCocktailViewController.swift in Sources */ = {isa = PBXBuildFile; fileRef = 888F58FF2414628A00A06E29 /* CreateCocktailViewController.swift */; };
		888F5904241472C500A06E29 /* IngredientsCocktailViewController.swift in Sources */ = {isa = PBXBuildFile; fileRef = 888F5903241472C500A06E29 /* IngredientsCocktailViewController.swift */; };
		888F59062414BF2600A06E29 /* HomeCocktailsTableViewController.swift in Sources */ = {isa = PBXBuildFile; fileRef = 888F59052414BF2600A06E29 /* HomeCocktailsTableViewController.swift */; };
		EF091DDE24062D95001BA01A /* TabBar.storyboard in Resources */ = {isa = PBXBuildFile; fileRef = EF091DDD24062D95001BA01A /* TabBar.storyboard */; };
		EF091DE02406333E001BA01A /* Home.storyboard in Resources */ = {isa = PBXBuildFile; fileRef = EF091DDF2406333E001BA01A /* Home.storyboard */; };
		EF091DE22406338F001BA01A /* Favourites.storyboard in Resources */ = {isa = PBXBuildFile; fileRef = EF091DE12406338F001BA01A /* Favourites.storyboard */; };
		EF091DE4240633BE001BA01A /* MyCocktails.storyboard in Resources */ = {isa = PBXBuildFile; fileRef = EF091DE3240633BE001BA01A /* MyCocktails.storyboard */; };
		EF091DE624063400001BA01A /* Surprise.storyboard in Resources */ = {isa = PBXBuildFile; fileRef = EF091DE524063400001BA01A /* Surprise.storyboard */; };
		EF091DE824063416001BA01A /* Account.storyboard in Resources */ = {isa = PBXBuildFile; fileRef = EF091DE724063416001BA01A /* Account.storyboard */; };
		EF0B744623F0ECD300AC5644 /* AppDelegate.swift in Sources */ = {isa = PBXBuildFile; fileRef = EF0B744523F0ECD300AC5644 /* AppDelegate.swift */; };
		EF0B744823F0ECD300AC5644 /* SceneDelegate.swift in Sources */ = {isa = PBXBuildFile; fileRef = EF0B744723F0ECD300AC5644 /* SceneDelegate.swift */; };
		EF0B744A23F0ECD300AC5644 /* ViewController.swift in Sources */ = {isa = PBXBuildFile; fileRef = EF0B744923F0ECD300AC5644 /* ViewController.swift */; };
		EF0B744D23F0ECD300AC5644 /* Main.storyboard in Resources */ = {isa = PBXBuildFile; fileRef = EF0B744B23F0ECD300AC5644 /* Main.storyboard */; };
		EF0B744F23F0ECD500AC5644 /* Assets.xcassets in Resources */ = {isa = PBXBuildFile; fileRef = EF0B744E23F0ECD500AC5644 /* Assets.xcassets */; };
		EF0B745223F0ECD500AC5644 /* LaunchScreen.storyboard in Resources */ = {isa = PBXBuildFile; fileRef = EF0B745023F0ECD500AC5644 /* LaunchScreen.storyboard */; };
		EF0B745C23F0F5DB00AC5644 /* Onboarding.storyboard in Resources */ = {isa = PBXBuildFile; fileRef = EF0B745B23F0F5DB00AC5644 /* Onboarding.storyboard */; };
		EF0B745E23F1588A00AC5644 /* Colors.xcassets in Resources */ = {isa = PBXBuildFile; fileRef = EF0B745D23F1588A00AC5644 /* Colors.xcassets */; };
		EF0B746323F1710D00AC5644 /* WalkthroughContentViewController.swift in Sources */ = {isa = PBXBuildFile; fileRef = EF0B746223F1710D00AC5644 /* WalkthroughContentViewController.swift */; };
		EF0B746723F1772100AC5644 /* WalkthroughPageViewController.swift in Sources */ = {isa = PBXBuildFile; fileRef = EF0B746623F1772100AC5644 /* WalkthroughPageViewController.swift */; };
		EF0B746923F20DE900AC5644 /* WalkthroughViewController.swift in Sources */ = {isa = PBXBuildFile; fileRef = EF0B746823F20DE900AC5644 /* WalkthroughViewController.swift */; };
		EF0B746C23F2984A00AC5644 /* DesignableView.swift in Sources */ = {isa = PBXBuildFile; fileRef = EF0B746B23F2984A00AC5644 /* DesignableView.swift */; };
		EFB3E0E324053A0700B8E847 /* TableView.storyboard in Resources */ = {isa = PBXBuildFile; fileRef = EFB3E0E224053A0700B8E847 /* TableView.storyboard */; };
/* End PBXBuildFile section */

/* Begin PBXFileReference section */
		881A7E13241340BA006596E7 /* CocktailViewControllerHome.swift */ = {isa = PBXFileReference; lastKnownFileType = sourcecode.swift; path = CocktailViewControllerHome.swift; sourceTree = "<group>"; };
		881A7E1524135C9C006596E7 /* CocktailView.storyboard */ = {isa = PBXFileReference; lastKnownFileType = file.storyboard; path = CocktailView.storyboard; sourceTree = "<group>"; };
		882D2A232411D11500DBCDEE /* CocktailsManagerHome.swift */ = {isa = PBXFileReference; lastKnownFileType = sourcecode.swift; path = CocktailsManagerHome.swift; sourceTree = "<group>"; };
		88693516240FAE7500E753F3 /* MyCocktailsTableViewControllerHome.swift */ = {isa = PBXFileReference; lastKnownFileType = sourcecode.swift; path = MyCocktailsTableViewControllerHome.swift; sourceTree = "<group>"; };
		88693519240FB1C600E753F3 /* Cocktail.swift */ = {isa = PBXFileReference; lastKnownFileType = sourcecode.swift; path = Cocktail.swift; sourceTree = "<group>"; };
		888F58F82414535200A06E29 /* IngredientCellTableViewCell.swift */ = {isa = PBXFileReference; lastKnownFileType = sourcecode.swift; path = IngredientCellTableViewCell.swift; sourceTree = "<group>"; };
		888F58FA2414563600A06E29 /* Ingredient.swift */ = {isa = PBXFileReference; lastKnownFileType = sourcecode.swift; path = Ingredient.swift; sourceTree = "<group>"; };
		888F58FF2414628A00A06E29 /* CreateCocktailViewController.swift */ = {isa = PBXFileReference; lastKnownFileType = sourcecode.swift; path = CreateCocktailViewController.swift; sourceTree = "<group>"; };
		888F5903241472C500A06E29 /* IngredientsCocktailViewController.swift */ = {isa = PBXFileReference; fileEncoding = 4; lastKnownFileType = sourcecode.swift; path = IngredientsCocktailViewController.swift; sourceTree = "<group>"; };
		888F59052414BF2600A06E29 /* HomeCocktailsTableViewController.swift */ = {isa = PBXFileReference; lastKnownFileType = sourcecode.swift; path = HomeCocktailsTableViewController.swift; sourceTree = "<group>"; };
		EF091DDD24062D95001BA01A /* TabBar.storyboard */ = {isa = PBXFileReference; lastKnownFileType = file.storyboard; path = TabBar.storyboard; sourceTree = "<group>"; };
		EF091DDF2406333E001BA01A /* Home.storyboard */ = {isa = PBXFileReference; lastKnownFileType = file.storyboard; path = Home.storyboard; sourceTree = "<group>"; };
		EF091DE12406338F001BA01A /* Favourites.storyboard */ = {isa = PBXFileReference; lastKnownFileType = file.storyboard; path = Favourites.storyboard; sourceTree = "<group>"; };
		EF091DE3240633BE001BA01A /* MyCocktails.storyboard */ = {isa = PBXFileReference; lastKnownFileType = file.storyboard; path = MyCocktails.storyboard; sourceTree = "<group>"; };
		EF091DE524063400001BA01A /* Surprise.storyboard */ = {isa = PBXFileReference; lastKnownFileType = file.storyboard; path = Surprise.storyboard; sourceTree = "<group>"; };
		EF091DE724063416001BA01A /* Account.storyboard */ = {isa = PBXFileReference; lastKnownFileType = file.storyboard; path = Account.storyboard; sourceTree = "<group>"; };
		EF0B744223F0ECD300AC5644 /* Mixit.app */ = {isa = PBXFileReference; explicitFileType = wrapper.application; includeInIndex = 0; path = Mixit.app; sourceTree = BUILT_PRODUCTS_DIR; };
		EF0B744523F0ECD300AC5644 /* AppDelegate.swift */ = {isa = PBXFileReference; lastKnownFileType = sourcecode.swift; path = AppDelegate.swift; sourceTree = "<group>"; };
		EF0B744723F0ECD300AC5644 /* SceneDelegate.swift */ = {isa = PBXFileReference; lastKnownFileType = sourcecode.swift; path = SceneDelegate.swift; sourceTree = "<group>"; };
		EF0B744923F0ECD300AC5644 /* ViewController.swift */ = {isa = PBXFileReference; lastKnownFileType = sourcecode.swift; path = ViewController.swift; sourceTree = "<group>"; };
		EF0B744C23F0ECD300AC5644 /* Base */ = {isa = PBXFileReference; lastKnownFileType = file.storyboard; name = Base; path = Base.lproj/Main.storyboard; sourceTree = "<group>"; };
		EF0B744E23F0ECD500AC5644 /* Assets.xcassets */ = {isa = PBXFileReference; lastKnownFileType = folder.assetcatalog; path = Assets.xcassets; sourceTree = "<group>"; };
		EF0B745123F0ECD500AC5644 /* Base */ = {isa = PBXFileReference; lastKnownFileType = file.storyboard; name = Base; path = Base.lproj/LaunchScreen.storyboard; sourceTree = "<group>"; };
		EF0B745323F0ECD500AC5644 /* Info.plist */ = {isa = PBXFileReference; lastKnownFileType = text.plist.xml; path = Info.plist; sourceTree = "<group>"; };
		EF0B745B23F0F5DB00AC5644 /* Onboarding.storyboard */ = {isa = PBXFileReference; lastKnownFileType = file.storyboard; path = Onboarding.storyboard; sourceTree = "<group>"; };
		EF0B745D23F1588A00AC5644 /* Colors.xcassets */ = {isa = PBXFileReference; lastKnownFileType = folder.assetcatalog; path = Colors.xcassets; sourceTree = "<group>"; };
		EF0B746223F1710D00AC5644 /* WalkthroughContentViewController.swift */ = {isa = PBXFileReference; lastKnownFileType = sourcecode.swift; path = WalkthroughContentViewController.swift; sourceTree = "<group>"; };
		EF0B746623F1772100AC5644 /* WalkthroughPageViewController.swift */ = {isa = PBXFileReference; lastKnownFileType = sourcecode.swift; path = WalkthroughPageViewController.swift; sourceTree = "<group>"; };
		EF0B746823F20DE900AC5644 /* WalkthroughViewController.swift */ = {isa = PBXFileReference; lastKnownFileType = sourcecode.swift; path = WalkthroughViewController.swift; sourceTree = "<group>"; };
		EF0B746B23F2984A00AC5644 /* DesignableView.swift */ = {isa = PBXFileReference; lastKnownFileType = sourcecode.swift; path = DesignableView.swift; sourceTree = "<group>"; };
		EFB3E0E224053A0700B8E847 /* TableView.storyboard */ = {isa = PBXFileReference; lastKnownFileType = file.storyboard; path = TableView.storyboard; sourceTree = "<group>"; };
/* End PBXFileReference section */

/* Begin PBXFrameworksBuildPhase section */
		EF0B743F23F0ECD300AC5644 /* Frameworks */ = {
			isa = PBXFrameworksBuildPhase;
			buildActionMask = 2147483647;
			files = (
			);
			runOnlyForDeploymentPostprocessing = 0;
		};
/* End PBXFrameworksBuildPhase section */

/* Begin PBXGroup section */
		882D2A222411D08200DBCDEE /* managers */ = {
			isa = PBXGroup;
			children = (
				882D2A232411D11500DBCDEE /* CocktailsManagerHome.swift */,
			);
			path = managers;
			sourceTree = "<group>";
		};
		88693518240FB1AA00E753F3 /* models */ = {
			isa = PBXGroup;
			children = (
				88693519240FB1C600E753F3 /* Cocktail.swift */,
				888F58FA2414563600A06E29 /* Ingredient.swift */,
			);
			path = models;
			sourceTree = "<group>";
		};
		EF0B743923F0ECD300AC5644 = {
			isa = PBXGroup;
			children = (
				EF0B744423F0ECD300AC5644 /* Mixit */,
				EF0B744323F0ECD300AC5644 /* Products */,
			);
			sourceTree = "<group>";
		};
		EF0B744323F0ECD300AC5644 /* Products */ = {
			isa = PBXGroup;
			children = (
				EF0B744223F0ECD300AC5644 /* Mixit.app */,
			);
			name = Products;
			sourceTree = "<group>";
		};
		EF0B744423F0ECD300AC5644 /* Mixit */ = {
			isa = PBXGroup;
			children = (
				882D2A222411D08200DBCDEE /* managers */,
				88693518240FB1AA00E753F3 /* models */,
				EF0B746A23F2982A00AC5644 /* Design */,
				EF0B745F23F1708E00AC5644 /* Controller */,
				EF0B745A23F0F31D00AC5644 /* Storyboard */,
				EF0B744523F0ECD300AC5644 /* AppDelegate.swift */,
				EF0B744723F0ECD300AC5644 /* SceneDelegate.swift */,
				EF0B744923F0ECD300AC5644 /* ViewController.swift */,
				EF0B744E23F0ECD500AC5644 /* Assets.xcassets */,
				EF0B745023F0ECD500AC5644 /* LaunchScreen.storyboard */,
				EF0B745323F0ECD500AC5644 /* Info.plist */,
				EF0B745D23F1588A00AC5644 /* Colors.xcassets */,
			);
			path = Mixit;
			sourceTree = "<group>";
		};
		EF0B745A23F0F31D00AC5644 /* Storyboard */ = {
			isa = PBXGroup;
			children = (
				EF0B744B23F0ECD300AC5644 /* Main.storyboard */,
				EF0B745B23F0F5DB00AC5644 /* Onboarding.storyboard */,
				EFB3E0E224053A0700B8E847 /* TableView.storyboard */,
				EF091DDD24062D95001BA01A /* TabBar.storyboard */,
				EF091DDF2406333E001BA01A /* Home.storyboard */,
				EF091DE12406338F001BA01A /* Favourites.storyboard */,
				EF091DE3240633BE001BA01A /* MyCocktails.storyboard */,
				EF091DE524063400001BA01A /* Surprise.storyboard */,
				EF091DE724063416001BA01A /* Account.storyboard */,
				881A7E1524135C9C006596E7 /* CocktailView.storyboard */,
			);
			path = Storyboard;
			sourceTree = "<group>";
		};
		EF0B745F23F1708E00AC5644 /* Controller */ = {
			isa = PBXGroup;
			children = (
				888F5903241472C500A06E29 /* IngredientsCocktailViewController.swift */,
				EF0B746223F1710D00AC5644 /* WalkthroughContentViewController.swift */,
				EF0B746623F1772100AC5644 /* WalkthroughPageViewController.swift */,
				EF0B746823F20DE900AC5644 /* WalkthroughViewController.swift */,
				88693516240FAE7500E753F3 /* MyCocktailsTableViewControllerHome.swift */,
				881A7E13241340BA006596E7 /* CocktailViewControllerHome.swift */,
				888F58F82414535200A06E29 /* IngredientCellTableViewCell.swift */,
				888F58FF2414628A00A06E29 /* CreateCocktailViewController.swift */,
				888F59052414BF2600A06E29 /* HomeCocktailsTableViewController.swift */,
			);
			path = Controller;
			sourceTree = "<group>";
		};
		EF0B746A23F2982A00AC5644 /* Design */ = {
			isa = PBXGroup;
			children = (
				EF0B746B23F2984A00AC5644 /* DesignableView.swift */,
			);
			path = Design;
			sourceTree = "<group>";
		};
/* End PBXGroup section */

/* Begin PBXNativeTarget section */
		EF0B744123F0ECD300AC5644 /* Mixit */ = {
			isa = PBXNativeTarget;
			buildConfigurationList = EF0B745623F0ECD500AC5644 /* Build configuration list for PBXNativeTarget "Mixit" */;
			buildPhases = (
				EF0B743E23F0ECD300AC5644 /* Sources */,
				EF0B743F23F0ECD300AC5644 /* Frameworks */,
				EF0B744023F0ECD300AC5644 /* Resources */,
			);
			buildRules = (
			);
			dependencies = (
			);
			name = Mixit;
			productName = Mixit;
			productReference = EF0B744223F0ECD300AC5644 /* Mixit.app */;
			productType = "com.apple.product-type.application";
		};
/* End PBXNativeTarget section */

/* Begin PBXProject section */
		EF0B743A23F0ECD300AC5644 /* Project object */ = {
			isa = PBXProject;
			attributes = {
				LastSwiftUpdateCheck = 1130;
				LastUpgradeCheck = 1130;
				ORGANIZATIONNAME = "Cristhian Bola\U0010\U0010\U0010\U0010ños";
				TargetAttributes = {
					EF0B744123F0ECD300AC5644 = {
						CreatedOnToolsVersion = 11.3.1;
					};
				};
			};
			buildConfigurationList = EF0B743D23F0ECD300AC5644 /* Build configuration list for PBXProject "Mixit" */;
			compatibilityVersion = "Xcode 9.3";
			developmentRegion = en;
			hasScannedForEncodings = 0;
			knownRegions = (
				en,
				Base,
			);
			mainGroup = EF0B743923F0ECD300AC5644;
			productRefGroup = EF0B744323F0ECD300AC5644 /* Products */;
			projectDirPath = "";
			projectRoot = "";
			targets = (
				EF0B744123F0ECD300AC5644 /* Mixit */,
			);
		};
/* End PBXProject section */

/* Begin PBXResourcesBuildPhase section */
		EF0B744023F0ECD300AC5644 /* Resources */ = {
			isa = PBXResourcesBuildPhase;
			buildActionMask = 2147483647;
			files = (
				EFB3E0E324053A0700B8E847 /* TableView.storyboard in Resources */,
				EF0B745E23F1588A00AC5644 /* Colors.xcassets in Resources */,
				EF0B745223F0ECD500AC5644 /* LaunchScreen.storyboard in Resources */,
				EF0B744F23F0ECD500AC5644 /* Assets.xcassets in Resources */,
				881A7E1624135C9C006596E7 /* CocktailView.storyboard in Resources */,
				EF091DE624063400001BA01A /* Surprise.storyboard in Resources */,
				EF091DE4240633BE001BA01A /* MyCocktails.storyboard in Resources */,
				EF0B744D23F0ECD300AC5644 /* Main.storyboard in Resources */,
				EF091DE22406338F001BA01A /* Favourites.storyboard in Resources */,
				EF091DDE24062D95001BA01A /* TabBar.storyboard in Resources */,
				EF0B745C23F0F5DB00AC5644 /* Onboarding.storyboard in Resources */,
				EF091DE824063416001BA01A /* Account.storyboard in Resources */,
				EF091DE02406333E001BA01A /* Home.storyboard in Resources */,
			);
			runOnlyForDeploymentPostprocessing = 0;
		};
/* End PBXResourcesBuildPhase section */

/* Begin PBXSourcesBuildPhase section */
		EF0B743E23F0ECD300AC5644 /* Sources */ = {
			isa = PBXSourcesBuildPhase;
			buildActionMask = 2147483647;
			files = (
				888F5904241472C500A06E29 /* IngredientsCocktailViewController.swift in Sources */,
				888F58FB2414563600A06E29 /* Ingredient.swift in Sources */,
				EF0B744A23F0ECD300AC5644 /* ViewController.swift in Sources */,
				881A7E14241340BA006596E7 /* CocktailViewControllerHome.swift in Sources */,
				8869351A240FB1C600E753F3 /* Cocktail.swift in Sources */,
				EF0B744623F0ECD300AC5644 /* AppDelegate.swift in Sources */,
				888F58F92414535200A06E29 /* IngredientCellTableViewCell.swift in Sources */,
				EF0B746723F1772100AC5644 /* WalkthroughPageViewController.swift in Sources */,
				EF0B746923F20DE900AC5644 /* WalkthroughViewController.swift in Sources */,
				888F59002414628A00A06E29 /* CreateCocktailViewController.swift in Sources */,
				EF0B746C23F2984A00AC5644 /* DesignableView.swift in Sources */,
				88693517240FAE7500E753F3 /* MyCocktailsTableViewControllerHome.swift in Sources */,
				882D2A242411D11500DBCDEE /* CocktailsManagerHome.swift in Sources */,
				EF0B744823F0ECD300AC5644 /* SceneDelegate.swift in Sources */,
				888F59062414BF2600A06E29 /* HomeCocktailsTableViewController.swift in Sources */,
				EF0B746323F1710D00AC5644 /* WalkthroughContentViewController.swift in Sources */,
			);
			runOnlyForDeploymentPostprocessing = 0;
		};
/* End PBXSourcesBuildPhase section */

/* Begin PBXVariantGroup section */
		EF0B744B23F0ECD300AC5644 /* Main.storyboard */ = {
			isa = PBXVariantGroup;
			children = (
				EF0B744C23F0ECD300AC5644 /* Base */,
			);
			name = Main.storyboard;
			sourceTree = "<group>";
		};
		EF0B745023F0ECD500AC5644 /* LaunchScreen.storyboard */ = {
			isa = PBXVariantGroup;
			children = (
				EF0B745123F0ECD500AC5644 /* Base */,
			);
			name = LaunchScreen.storyboard;
			sourceTree = "<group>";
		};
/* End PBXVariantGroup section */

/* Begin XCBuildConfiguration section */
		EF0B745423F0ECD500AC5644 /* Debug */ = {
			isa = XCBuildConfiguration;
			buildSettings = {
				ALWAYS_SEARCH_USER_PATHS = NO;
				CLANG_ANALYZER_NONNULL = YES;
				CLANG_ANALYZER_NUMBER_OBJECT_CONVERSION = YES_AGGRESSIVE;
				CLANG_CXX_LANGUAGE_STANDARD = "gnu++14";
				CLANG_CXX_LIBRARY = "libc++";
				CLANG_ENABLE_MODULES = YES;
				CLANG_ENABLE_OBJC_ARC = YES;
				CLANG_ENABLE_OBJC_WEAK = YES;
				CLANG_WARN_BLOCK_CAPTURE_AUTORELEASING = YES;
				CLANG_WARN_BOOL_CONVERSION = YES;
				CLANG_WARN_COMMA = YES;
				CLANG_WARN_CONSTANT_CONVERSION = YES;
				CLANG_WARN_DEPRECATED_OBJC_IMPLEMENTATIONS = YES;
				CLANG_WARN_DIRECT_OBJC_ISA_USAGE = YES_ERROR;
				CLANG_WARN_DOCUMENTATION_COMMENTS = YES;
				CLANG_WARN_EMPTY_BODY = YES;
				CLANG_WARN_ENUM_CONVERSION = YES;
				CLANG_WARN_INFINITE_RECURSION = YES;
				CLANG_WARN_INT_CONVERSION = YES;
				CLANG_WARN_NON_LITERAL_NULL_CONVERSION = YES;
				CLANG_WARN_OBJC_IMPLICIT_RETAIN_SELF = YES;
				CLANG_WARN_OBJC_LITERAL_CONVERSION = YES;
				CLANG_WARN_OBJC_ROOT_CLASS = YES_ERROR;
				CLANG_WARN_RANGE_LOOP_ANALYSIS = YES;
				CLANG_WARN_STRICT_PROTOTYPES = YES;
				CLANG_WARN_SUSPICIOUS_MOVE = YES;
				CLANG_WARN_UNGUARDED_AVAILABILITY = YES_AGGRESSIVE;
				CLANG_WARN_UNREACHABLE_CODE = YES;
				CLANG_WARN__DUPLICATE_METHOD_MATCH = YES;
				COPY_PHASE_STRIP = NO;
				DEBUG_INFORMATION_FORMAT = dwarf;
				ENABLE_STRICT_OBJC_MSGSEND = YES;
				ENABLE_TESTABILITY = YES;
				GCC_C_LANGUAGE_STANDARD = gnu11;
				GCC_DYNAMIC_NO_PIC = NO;
				GCC_NO_COMMON_BLOCKS = YES;
				GCC_OPTIMIZATION_LEVEL = 0;
				GCC_PREPROCESSOR_DEFINITIONS = (
					"DEBUG=1",
					"$(inherited)",
				);
				GCC_WARN_64_TO_32_BIT_CONVERSION = YES;
				GCC_WARN_ABOUT_RETURN_TYPE = YES_ERROR;
				GCC_WARN_UNDECLARED_SELECTOR = YES;
				GCC_WARN_UNINITIALIZED_AUTOS = YES_AGGRESSIVE;
				GCC_WARN_UNUSED_FUNCTION = YES;
				GCC_WARN_UNUSED_VARIABLE = YES;
				IPHONEOS_DEPLOYMENT_TARGET = 13.2;
				MTL_ENABLE_DEBUG_INFO = INCLUDE_SOURCE;
				MTL_FAST_MATH = YES;
				ONLY_ACTIVE_ARCH = YES;
				SDKROOT = iphoneos;
				SWIFT_ACTIVE_COMPILATION_CONDITIONS = DEBUG;
				SWIFT_OPTIMIZATION_LEVEL = "-Onone";
			};
			name = Debug;
		};
		EF0B745523F0ECD500AC5644 /* Release */ = {
			isa = XCBuildConfiguration;
			buildSettings = {
				ALWAYS_SEARCH_USER_PATHS = NO;
				CLANG_ANALYZER_NONNULL = YES;
				CLANG_ANALYZER_NUMBER_OBJECT_CONVERSION = YES_AGGRESSIVE;
				CLANG_CXX_LANGUAGE_STANDARD = "gnu++14";
				CLANG_CXX_LIBRARY = "libc++";
				CLANG_ENABLE_MODULES = YES;
				CLANG_ENABLE_OBJC_ARC = YES;
				CLANG_ENABLE_OBJC_WEAK = YES;
				CLANG_WARN_BLOCK_CAPTURE_AUTORELEASING = YES;
				CLANG_WARN_BOOL_CONVERSION = YES;
				CLANG_WARN_COMMA = YES;
				CLANG_WARN_CONSTANT_CONVERSION = YES;
				CLANG_WARN_DEPRECATED_OBJC_IMPLEMENTATIONS = YES;
				CLANG_WARN_DIRECT_OBJC_ISA_USAGE = YES_ERROR;
				CLANG_WARN_DOCUMENTATION_COMMENTS = YES;
				CLANG_WARN_EMPTY_BODY = YES;
				CLANG_WARN_ENUM_CONVERSION = YES;
				CLANG_WARN_INFINITE_RECURSION = YES;
				CLANG_WARN_INT_CONVERSION = YES;
				CLANG_WARN_NON_LITERAL_NULL_CONVERSION = YES;
				CLANG_WARN_OBJC_IMPLICIT_RETAIN_SELF = YES;
				CLANG_WARN_OBJC_LITERAL_CONVERSION = YES;
				CLANG_WARN_OBJC_ROOT_CLASS = YES_ERROR;
				CLANG_WARN_RANGE_LOOP_ANALYSIS = YES;
				CLANG_WARN_STRICT_PROTOTYPES = YES;
				CLANG_WARN_SUSPICIOUS_MOVE = YES;
				CLANG_WARN_UNGUARDED_AVAILABILITY = YES_AGGRESSIVE;
				CLANG_WARN_UNREACHABLE_CODE = YES;
				CLANG_WARN__DUPLICATE_METHOD_MATCH = YES;
				COPY_PHASE_STRIP = NO;
				DEBUG_INFORMATION_FORMAT = "dwarf-with-dsym";
				ENABLE_NS_ASSERTIONS = NO;
				ENABLE_STRICT_OBJC_MSGSEND = YES;
				GCC_C_LANGUAGE_STANDARD = gnu11;
				GCC_NO_COMMON_BLOCKS = YES;
				GCC_WARN_64_TO_32_BIT_CONVERSION = YES;
				GCC_WARN_ABOUT_RETURN_TYPE = YES_ERROR;
				GCC_WARN_UNDECLARED_SELECTOR = YES;
				GCC_WARN_UNINITIALIZED_AUTOS = YES_AGGRESSIVE;
				GCC_WARN_UNUSED_FUNCTION = YES;
				GCC_WARN_UNUSED_VARIABLE = YES;
				IPHONEOS_DEPLOYMENT_TARGET = 13.2;
				MTL_ENABLE_DEBUG_INFO = NO;
				MTL_FAST_MATH = YES;
				SDKROOT = iphoneos;
				SWIFT_COMPILATION_MODE = wholemodule;
				SWIFT_OPTIMIZATION_LEVEL = "-O";
				VALIDATE_PRODUCT = YES;
			};
			name = Release;
		};
		EF0B745723F0ECD500AC5644 /* Debug */ = {
			isa = XCBuildConfiguration;
			buildSettings = {
				ASSETCATALOG_COMPILER_APPICON_NAME = AppIcon;
				CODE_SIGN_STYLE = Automatic;
				INFOPLIST_FILE = Mixit/Info.plist;
				LD_RUNPATH_SEARCH_PATHS = (
					"$(inherited)",
					"@executable_path/Frameworks",
				);
				PRODUCT_BUNDLE_IDENTIFIER = com.aplimovil.Mixit;
				PRODUCT_NAME = "$(TARGET_NAME)";
				SWIFT_VERSION = 5.0;
				TARGETED_DEVICE_FAMILY = "1,2";
			};
			name = Debug;
		};
		EF0B745823F0ECD500AC5644 /* Release */ = {
			isa = XCBuildConfiguration;
			buildSettings = {
				ASSETCATALOG_COMPILER_APPICON_NAME = AppIcon;
				CODE_SIGN_STYLE = Automatic;
				INFOPLIST_FILE = Mixit/Info.plist;
				LD_RUNPATH_SEARCH_PATHS = (
					"$(inherited)",
					"@executable_path/Frameworks",
				);
				PRODUCT_BUNDLE_IDENTIFIER = com.aplimovil.Mixit;
				PRODUCT_NAME = "$(TARGET_NAME)";
				SWIFT_VERSION = 5.0;
				TARGETED_DEVICE_FAMILY = "1,2";
			};
			name = Release;
		};
/* End XCBuildConfiguration section */

/* Begin XCConfigurationList section */
		EF0B743D23F0ECD300AC5644 /* Build configuration list for PBXProject "Mixit" */ = {
			isa = XCConfigurationList;
			buildConfigurations = (
				EF0B745423F0ECD500AC5644 /* Debug */,
				EF0B745523F0ECD500AC5644 /* Release */,
			);
			defaultConfigurationIsVisible = 0;
			defaultConfigurationName = Release;
		};
		EF0B745623F0ECD500AC5644 /* Build configuration list for PBXNativeTarget "Mixit" */ = {
			isa = XCConfigurationList;
			buildConfigurations = (
				EF0B745723F0ECD500AC5644 /* Debug */,
				EF0B745823F0ECD500AC5644 /* Release */,
			);
			defaultConfigurationIsVisible = 0;
			defaultConfigurationName = Release;
		};
/* End XCConfigurationList section */
	};
	rootObject = EF0B743A23F0ECD300AC5644 /* Project object */;
}
